// !$*UTF8*$!
{
	archiveVersion = 1;
	classes = {
	};
	objectVersion = 50;
	objects = {

/* Begin PBXBuildFile section */
		1CDD7CA7EE876D53DC053C86 /* ClipboardOSX.swift in Sources */ = {isa = PBXBuildFile; fileRef = 1CDD7375EE2396187A6AE33D /* ClipboardOSX.swift */; };
		75167B562399FBD1004EF991 /* DateUtils.swift in Sources */ = {isa = PBXBuildFile; fileRef = 75167B552399FBD1004EF991 /* DateUtils.swift */; };
		75515E6323A0E07200A84695 /* InfoPlist.strings in Resources */ = {isa = PBXBuildFile; fileRef = 75515E6523A0E07200A84695 /* InfoPlist.strings */; };
		756E2F94239E3BC300534C9A /* MainWindowController.swift in Sources */ = {isa = PBXBuildFile; fileRef = 756E2F93239E3BC300534C9A /* MainWindowController.swift */; };
		756E2F96239E3FE400534C9A /* ListTextItemView.xib in Resources */ = {isa = PBXBuildFile; fileRef = 756E2F95239E3FE400534C9A /* ListTextItemView.xib */; };
		756E2F99239E406100534C9A /* MainListView.swift in Sources */ = {isa = PBXBuildFile; fileRef = 756E2F98239E406100534C9A /* MainListView.swift */; };
		757450E0239CEFDE003EF2E0 /* Localizable.strings in Resources */ = {isa = PBXBuildFile; fileRef = 757450E3239CEFDE003EF2E0 /* Localizable.strings */; };
		757450E6239CF0CD003EF2E0 /* StringUtils.swift in Sources */ = {isa = PBXBuildFile; fileRef = 757450E5239CF0CD003EF2E0 /* StringUtils.swift */; };
		757450F0239D30E6003EF2E0 /* ListTextItem.swift in Sources */ = {isa = PBXBuildFile; fileRef = 757450D5239CE8DD003EF2E0 /* ListTextItem.swift */; };
		757894502394EF3C00B26DDF /* AppDelegate.swift in Sources */ = {isa = PBXBuildFile; fileRef = 7578944F2394EF3C00B26DDF /* AppDelegate.swift */; };
		757894542394EF4000B26DDF /* Assets.xcassets in Resources */ = {isa = PBXBuildFile; fileRef = 757894532394EF4000B26DDF /* Assets.xcassets */; };
		757894572394EF4000B26DDF /* Main.storyboard in Resources */ = {isa = PBXBuildFile; fileRef = 757894552394EF4000B26DDF /* Main.storyboard */; };
		7578947D2394EF7F00B26DDF /* ClipboardListener.swift in Sources */ = {isa = PBXBuildFile; fileRef = 7578947C2394EF7F00B26DDF /* ClipboardListener.swift */; };
		757894812394F63B00B26DDF /* Clipboard.swift in Sources */ = {isa = PBXBuildFile; fileRef = 757894802394F63B00B26DDF /* Clipboard.swift */; };
		758CB487239F45F00067A970 /* StatusBar.swift in Sources */ = {isa = PBXBuildFile; fileRef = 758CB486239F45F00067A970 /* StatusBar.swift */; };
		759F9FAD239E104300357E2D /* NSViewUtils.swift in Sources */ = {isa = PBXBuildFile; fileRef = 759F9FAC239E104300357E2D /* NSViewUtils.swift */; };
		75ADF01B23CB137900B2F7AD /* Preview.swift in Sources */ = {isa = PBXBuildFile; fileRef = 75ADF01A23CB137900B2F7AD /* Preview.swift */; };
		75B45F77239F66080045F635 /* StatusBarMenu.xib in Resources */ = {isa = PBXBuildFile; fileRef = 75B45F79239F66080045F635 /* StatusBarMenu.xib */; };
		75D9D1C723C88BCC00032AEC /* Notice.xib in Resources */ = {isa = PBXBuildFile; fileRef = 75D9D1C623C88BCC00032AEC /* Notice.xib */; };
		75D9D1C923C88FEA00032AEC /* Notice.swift in Sources */ = {isa = PBXBuildFile; fileRef = 75D9D1C823C88FEA00032AEC /* Notice.swift */; };
		75FC5626239E4D4300635EE5 /* GrideTable.swift in Sources */ = {isa = PBXBuildFile; fileRef = 75FC5625239E4D4300635EE5 /* GrideTable.swift */; };
		75FC5629239E5E8200635EE5 /* SplitViewController.swift in Sources */ = {isa = PBXBuildFile; fileRef = 75FC5628239E5E8200635EE5 /* SplitViewController.swift */; };
		75FC562C239E7E9600635EE5 /* PreviewController.swift in Sources */ = {isa = PBXBuildFile; fileRef = 75FC562B239E7E9600635EE5 /* PreviewController.swift */; };
/* End PBXBuildFile section */

/* Begin PBXCopyFilesBuildPhase section */
		7578949B2397514200B26DDF /* Embed App Extensions */ = {
			isa = PBXCopyFilesBuildPhase;
			buildActionMask = 2147483647;
			dstPath = "";
			dstSubfolderSpec = 13;
			files = (
			);
			name = "Embed App Extensions";
			runOnlyForDeploymentPostprocessing = 0;
		};
/* End PBXCopyFilesBuildPhase section */

/* Begin PBXFileReference section */
		1CDD7375EE2396187A6AE33D /* ClipboardOSX.swift */ = {isa = PBXFileReference; fileEncoding = 4; lastKnownFileType = sourcecode.swift; path = ClipboardOSX.swift; sourceTree = "<group>"; };
		75167B552399FBD1004EF991 /* DateUtils.swift */ = {isa = PBXFileReference; lastKnownFileType = sourcecode.swift; path = DateUtils.swift; sourceTree = "<group>"; };
		75200CBE2398FBCB0092C89D /* WidgetButton.swift */ = {isa = PBXFileReference; lastKnownFileType = sourcecode.swift; path = WidgetButton.swift; sourceTree = "<group>"; };
		75515E6423A0E07200A84695 /* en */ = {isa = PBXFileReference; lastKnownFileType = text.plist.strings; name = en; path = en.lproj/InfoPlist.strings; sourceTree = "<group>"; };
		75515E6623A0E07300A84695 /* zh-Hans */ = {isa = PBXFileReference; lastKnownFileType = text.plist.strings; name = "zh-Hans"; path = "zh-Hans.lproj/InfoPlist.strings"; sourceTree = "<group>"; };
		756E2F93239E3BC300534C9A /* MainWindowController.swift */ = {isa = PBXFileReference; lastKnownFileType = sourcecode.swift; path = MainWindowController.swift; sourceTree = "<group>"; };
		756E2F95239E3FE400534C9A /* ListTextItemView.xib */ = {isa = PBXFileReference; lastKnownFileType = file.xib; path = ListTextItemView.xib; sourceTree = "<group>"; };
		756E2F98239E406100534C9A /* MainListView.swift */ = {isa = PBXFileReference; lastKnownFileType = sourcecode.swift; path = MainListView.swift; sourceTree = "<group>"; };
		757450D5239CE8DD003EF2E0 /* ListTextItem.swift */ = {isa = PBXFileReference; lastKnownFileType = sourcecode.swift; path = ListTextItem.swift; sourceTree = "<group>"; };
		757450DA239CEF13003EF2E0 /* zh-Hans */ = {isa = PBXFileReference; lastKnownFileType = text.plist.strings; name = "zh-Hans"; path = "zh-Hans.lproj/Main.strings"; sourceTree = "<group>"; };
		757450DB239CEF13003EF2E0 /* zh-Hans */ = {isa = PBXFileReference; lastKnownFileType = text.plist.strings; name = "zh-Hans"; path = "zh-Hans.lproj/TodayViewController.strings"; sourceTree = "<group>"; };
		757450DC239CEF13003EF2E0 /* zh-Hans */ = {isa = PBXFileReference; lastKnownFileType = text.plist.strings; name = "zh-Hans"; path = "zh-Hans.lproj/InfoPlist.strings"; sourceTree = "<group>"; };
		757450E2239CEFDE003EF2E0 /* en */ = {isa = PBXFileReference; lastKnownFileType = text.plist.strings; name = en; path = en.lproj/Localizable.strings; sourceTree = "<group>"; };
		757450E4239CEFE2003EF2E0 /* zh-Hans */ = {isa = PBXFileReference; lastKnownFileType = text.plist.strings; name = "zh-Hans"; path = "zh-Hans.lproj/Localizable.strings"; sourceTree = "<group>"; };
		757450E5239CF0CD003EF2E0 /* StringUtils.swift */ = {isa = PBXFileReference; lastKnownFileType = sourcecode.swift; path = StringUtils.swift; sourceTree = "<group>"; };
		7578944C2394EF3C00B26DDF /* clipboard.app */ = {isa = PBXFileReference; explicitFileType = wrapper.application; includeInIndex = 0; path = clipboard.app; sourceTree = BUILT_PRODUCTS_DIR; };
		7578944F2394EF3C00B26DDF /* AppDelegate.swift */ = {isa = PBXFileReference; lastKnownFileType = sourcecode.swift; path = AppDelegate.swift; sourceTree = "<group>"; };
		757894532394EF4000B26DDF /* Assets.xcassets */ = {isa = PBXFileReference; lastKnownFileType = folder.assetcatalog; path = Assets.xcassets; sourceTree = "<group>"; };
		757894562394EF4000B26DDF /* Base */ = {isa = PBXFileReference; lastKnownFileType = file.storyboard; name = Base; path = Base.lproj/Main.storyboard; sourceTree = "<group>"; };
		757894582394EF4000B26DDF /* Info.plist */ = {isa = PBXFileReference; lastKnownFileType = text.plist.xml; path = Info.plist; sourceTree = "<group>"; };
		757894592394EF4000B26DDF /* clipboard.entitlements */ = {isa = PBXFileReference; lastKnownFileType = text.plist.entitlements; path = clipboard.entitlements; sourceTree = "<group>"; };
		7578947C2394EF7F00B26DDF /* ClipboardListener.swift */ = {isa = PBXFileReference; lastKnownFileType = sourcecode.swift; path = ClipboardListener.swift; sourceTree = "<group>"; };
		757894802394F63B00B26DDF /* Clipboard.swift */ = {isa = PBXFileReference; lastKnownFileType = sourcecode.swift; path = Clipboard.swift; sourceTree = "<group>"; };
		757894882397514200B26DDF /* NotificationCenter.framework */ = {isa = PBXFileReference; lastKnownFileType = wrapper.framework; name = NotificationCenter.framework; path = System/Library/Frameworks/NotificationCenter.framework; sourceTree = SDKROOT; };
		758CB486239F45F00067A970 /* StatusBar.swift */ = {isa = PBXFileReference; lastKnownFileType = sourcecode.swift; path = StatusBar.swift; sourceTree = "<group>"; };
		759F9FAC239E104300357E2D /* NSViewUtils.swift */ = {isa = PBXFileReference; lastKnownFileType = sourcecode.swift; path = NSViewUtils.swift; sourceTree = "<group>"; };
		75ADF01A23CB137900B2F7AD /* Preview.swift */ = {isa = PBXFileReference; lastKnownFileType = sourcecode.swift; path = Preview.swift; sourceTree = "<group>"; };
		75B45F78239F66080045F635 /* Base */ = {isa = PBXFileReference; lastKnownFileType = file.xib; name = Base; path = Base.lproj/StatusBarMenu.xib; sourceTree = "<group>"; };
		75B45F7B239F660D0045F635 /* en */ = {isa = PBXFileReference; lastKnownFileType = text.plist.strings; name = en; path = en.lproj/StatusBarMenu.strings; sourceTree = "<group>"; };
		75B45F7D239F66160045F635 /* zh-Hans */ = {isa = PBXFileReference; lastKnownFileType = text.plist.strings; name = "zh-Hans"; path = "zh-Hans.lproj/StatusBarMenu.strings"; sourceTree = "<group>"; };
		75C6DEE12398B175009B1F1E /* TodayViewController.swift */ = {isa = PBXFileReference; lastKnownFileType = sourcecode.swift; path = TodayViewController.swift; sourceTree = "<group>"; };
		75C6DEE42398B175009B1F1E /* Base */ = {isa = PBXFileReference; lastKnownFileType = file.xib; name = Base; path = Base.lproj/TodayViewController.xib; sourceTree = "<group>"; };
		75C6DEE62398B175009B1F1E /* Info.plist */ = {isa = PBXFileReference; lastKnownFileType = text.plist.xml; path = Info.plist; sourceTree = "<group>"; };
		75C6DEE82398B175009B1F1E /* en */ = {isa = PBXFileReference; lastKnownFileType = text.plist.strings; name = en; path = en.lproj/InfoPlist.strings; sourceTree = "<group>"; };
		75C6DEEA2398B175009B1F1E /* widget.entitlements */ = {isa = PBXFileReference; lastKnownFileType = text.plist.entitlements; path = widget.entitlements; sourceTree = "<group>"; };
		75D9D1C623C88BCC00032AEC /* Notice.xib */ = {isa = PBXFileReference; lastKnownFileType = file.xib; path = Notice.xib; sourceTree = "<group>"; };
		75D9D1C823C88FEA00032AEC /* Notice.swift */ = {isa = PBXFileReference; lastKnownFileType = sourcecode.swift; path = Notice.swift; sourceTree = "<group>"; };
		75FC5625239E4D4300635EE5 /* GrideTable.swift */ = {isa = PBXFileReference; lastKnownFileType = sourcecode.swift; path = GrideTable.swift; sourceTree = "<group>"; };
		75FC5628239E5E8200635EE5 /* SplitViewController.swift */ = {isa = PBXFileReference; lastKnownFileType = sourcecode.swift; path = SplitViewController.swift; sourceTree = "<group>"; };
		75FC562B239E7E9600635EE5 /* PreviewController.swift */ = {isa = PBXFileReference; lastKnownFileType = sourcecode.swift; path = PreviewController.swift; sourceTree = "<group>"; };
		75FC5632239E867F00635EE5 /* en */ = {isa = PBXFileReference; lastKnownFileType = text.plist.strings; name = en; path = en.lproj/Main.strings; sourceTree = "<group>"; };
/* End PBXFileReference section */

/* Begin PBXFrameworksBuildPhase section */
		757894492394EF3C00B26DDF /* Frameworks */ = {
			isa = PBXFrameworksBuildPhase;
			buildActionMask = 2147483647;
			files = (
			);
			runOnlyForDeploymentPostprocessing = 0;
		};
/* End PBXFrameworksBuildPhase section */

/* Begin PBXGroup section */
		75167B542399FBBD004EF991 /* utils */ = {
			isa = PBXGroup;
			children = (
				75167B552399FBD1004EF991 /* DateUtils.swift */,
				757450E5239CF0CD003EF2E0 /* StringUtils.swift */,
				759F9FAC239E104300357E2D /* NSViewUtils.swift */,
			);
			path = utils;
			sourceTree = "<group>";
		};
		75200CBD2398FBB00092C89D /* views */ = {
			isa = PBXGroup;
			children = (
				75200CBE2398FBCB0092C89D /* WidgetButton.swift */,
			);
			path = views;
			sourceTree = "<group>";
		};
		756E2F97239E403700534C9A /* splitview */ = {
			isa = PBXGroup;
			children = (
				756E2F98239E406100534C9A /* MainListView.swift */,
				75FC5628239E5E8200635EE5 /* SplitViewController.swift */,
				75FC562B239E7E9600635EE5 /* PreviewController.swift */,
				75ADF01A23CB137900B2F7AD /* Preview.swift */,
			);
			path = splitview;
			sourceTree = "<group>";
		};
		757450D3239CE868003EF2E0 /* components */ = {
			isa = PBXGroup;
			children = (
				757450D4239CE890003EF2E0 /* views */,
				756E2F95239E3FE400534C9A /* ListTextItemView.xib */,
				75D9D1C623C88BCC00032AEC /* Notice.xib */,
			);
			path = components;
			sourceTree = "<group>";
		};
		757450D4239CE890003EF2E0 /* views */ = {
			isa = PBXGroup;
			children = (
				757450D5239CE8DD003EF2E0 /* ListTextItem.swift */,
				75FC5625239E4D4300635EE5 /* GrideTable.swift */,
				75D9D1C823C88FEA00032AEC /* Notice.swift */,
			);
			path = views;
			sourceTree = "<group>";
		};
		757894432394EF3C00B26DDF = {
			isa = PBXGroup;
			children = (
				75515E6523A0E07200A84695 /* InfoPlist.strings */,
				757450E3239CEFDE003EF2E0 /* Localizable.strings */,
				757450D3239CE868003EF2E0 /* components */,
				7578947B2394EF6900B26DDF /* core */,
				7578944E2394EF3C00B26DDF /* clipboard */,
				75C6DEE02398B175009B1F1E /* widget */,
				757894872397514200B26DDF /* Frameworks */,
				7578944D2394EF3C00B26DDF /* Products */,
			);
			sourceTree = "<group>";
		};
		7578944D2394EF3C00B26DDF /* Products */ = {
			isa = PBXGroup;
			children = (
				7578944C2394EF3C00B26DDF /* clipboard.app */,
			);
			name = Products;
			sourceTree = "<group>";
		};
		7578944E2394EF3C00B26DDF /* clipboard */ = {
			isa = PBXGroup;
			children = (
				758CB485239F45D30067A970 /* statusBar */,
				756E2F97239E403700534C9A /* splitview */,
				7578944F2394EF3C00B26DDF /* AppDelegate.swift */,
				757894532394EF4000B26DDF /* Assets.xcassets */,
				757894552394EF4000B26DDF /* Main.storyboard */,
				757894582394EF4000B26DDF /* Info.plist */,
				757894592394EF4000B26DDF /* clipboard.entitlements */,
				756E2F93239E3BC300534C9A /* MainWindowController.swift */,
			);
			path = clipboard;
			sourceTree = "<group>";
		};
		7578947B2394EF6900B26DDF /* core */ = {
			isa = PBXGroup;
			children = (
				75167B542399FBBD004EF991 /* utils */,
				7578947C2394EF7F00B26DDF /* ClipboardListener.swift */,
				757894802394F63B00B26DDF /* Clipboard.swift */,
				1CDD7375EE2396187A6AE33D /* ClipboardOSX.swift */,
			);
			path = core;
			sourceTree = "<group>";
		};
		757894872397514200B26DDF /* Frameworks */ = {
			isa = PBXGroup;
			children = (
				757894882397514200B26DDF /* NotificationCenter.framework */,
			);
			name = Frameworks;
			sourceTree = "<group>";
		};
		758CB485239F45D30067A970 /* statusBar */ = {
			isa = PBXGroup;
			children = (
				758CB486239F45F00067A970 /* StatusBar.swift */,
				75B45F79239F66080045F635 /* StatusBarMenu.xib */,
			);
			path = statusBar;
			sourceTree = "<group>";
		};
		75C6DEE02398B175009B1F1E /* widget */ = {
			isa = PBXGroup;
			children = (
				75200CBD2398FBB00092C89D /* views */,
				75C6DEE12398B175009B1F1E /* TodayViewController.swift */,
				75C6DEE32398B175009B1F1E /* TodayViewController.xib */,
				75C6DEE62398B175009B1F1E /* Info.plist */,
				75C6DEE72398B175009B1F1E /* InfoPlist.strings */,
				75C6DEEA2398B175009B1F1E /* widget.entitlements */,
			);
			path = widget;
			sourceTree = "<group>";
		};
/* End PBXGroup section */

/* Begin PBXNativeTarget section */
		7578944B2394EF3C00B26DDF /* clipboard */ = {
			isa = PBXNativeTarget;
			buildConfigurationList = 757894722394EF4000B26DDF /* Build configuration list for PBXNativeTarget "clipboard" */;
			buildPhases = (
				757894482394EF3C00B26DDF /* Sources */,
				757894492394EF3C00B26DDF /* Frameworks */,
				7578944A2394EF3C00B26DDF /* Resources */,
				7578949B2397514200B26DDF /* Embed App Extensions */,
			);
			buildRules = (
			);
			dependencies = (
			);
			name = clipboard;
			productName = clipboard;
			productReference = 7578944C2394EF3C00B26DDF /* clipboard.app */;
			productType = "com.apple.product-type.application";
		};
/* End PBXNativeTarget section */

/* Begin PBXProject section */
		757894442394EF3C00B26DDF /* Project object */ = {
			isa = PBXProject;
			attributes = {
				LastSwiftUpdateCheck = 1120;
				LastUpgradeCheck = 1120;
				ORGANIZATIONNAME = yahaha;
				TargetAttributes = {
					7578944B2394EF3C00B26DDF = {
						CreatedOnToolsVersion = 11.2.1;
					};
				};
			};
			buildConfigurationList = 757894472394EF3C00B26DDF /* Build configuration list for PBXProject "clipboard" */;
			compatibilityVersion = "Xcode 9.3";
			developmentRegion = en;
			hasScannedForEncodings = 0;
			knownRegions = (
				en,
				Base,
				"zh-Hans",
			);
			mainGroup = 757894432394EF3C00B26DDF;
			productRefGroup = 7578944D2394EF3C00B26DDF /* Products */;
			projectDirPath = "";
			projectRoot = "";
			targets = (
				7578944B2394EF3C00B26DDF /* clipboard */,
			);
		};
/* End PBXProject section */

/* Begin PBXResourcesBuildPhase section */
		7578944A2394EF3C00B26DDF /* Resources */ = {
			isa = PBXResourcesBuildPhase;
			buildActionMask = 2147483647;
			files = (
				757894542394EF4000B26DDF /* Assets.xcassets in Resources */,
				75515E6323A0E07200A84695 /* InfoPlist.strings in Resources */,
				757450E0239CEFDE003EF2E0 /* Localizable.strings in Resources */,
				75B45F77239F66080045F635 /* StatusBarMenu.xib in Resources */,
				75D9D1C723C88BCC00032AEC /* Notice.xib in Resources */,
				757894572394EF4000B26DDF /* Main.storyboard in Resources */,
				756E2F96239E3FE400534C9A /* ListTextItemView.xib in Resources */,
			);
			runOnlyForDeploymentPostprocessing = 0;
		};
/* End PBXResourcesBuildPhase section */

/* Begin PBXSourcesBuildPhase section */
		757894482394EF3C00B26DDF /* Sources */ = {
			isa = PBXSourcesBuildPhase;
			buildActionMask = 2147483647;
			files = (
				758CB487239F45F00067A970 /* StatusBar.swift in Sources */,
				75FC5626239E4D4300635EE5 /* GrideTable.swift in Sources */,
				759F9FAD239E104300357E2D /* NSViewUtils.swift in Sources */,
				75FC562C239E7E9600635EE5 /* PreviewController.swift in Sources */,
				756E2F94239E3BC300534C9A /* MainWindowController.swift in Sources */,
				75167B562399FBD1004EF991 /* DateUtils.swift in Sources */,
				7578947D2394EF7F00B26DDF /* ClipboardListener.swift in Sources */,
				757894812394F63B00B26DDF /* Clipboard.swift in Sources */,
				75D9D1C923C88FEA00032AEC /* Notice.swift in Sources */,
				757894502394EF3C00B26DDF /* AppDelegate.swift in Sources */,
				75ADF01B23CB137900B2F7AD /* Preview.swift in Sources */,
				757450F0239D30E6003EF2E0 /* ListTextItem.swift in Sources */,
				1CDD7CA7EE876D53DC053C86 /* ClipboardOSX.swift in Sources */,
				756E2F99239E406100534C9A /* MainListView.swift in Sources */,
				757450E6239CF0CD003EF2E0 /* StringUtils.swift in Sources */,
				75FC5629239E5E8200635EE5 /* SplitViewController.swift in Sources */,
			);
			runOnlyForDeploymentPostprocessing = 0;
		};
/* End PBXSourcesBuildPhase section */

/* Begin PBXVariantGroup section */
		75515E6523A0E07200A84695 /* InfoPlist.strings */ = {
			isa = PBXVariantGroup;
			children = (
				75515E6423A0E07200A84695 /* en */,
				75515E6623A0E07300A84695 /* zh-Hans */,
			);
			name = InfoPlist.strings;
			sourceTree = "<group>";
		};
		757450E3239CEFDE003EF2E0 /* Localizable.strings */ = {
			isa = PBXVariantGroup;
			children = (
				757450E2239CEFDE003EF2E0 /* en */,
				757450E4239CEFE2003EF2E0 /* zh-Hans */,
			);
			name = Localizable.strings;
			sourceTree = "<group>";
		};
		757894552394EF4000B26DDF /* Main.storyboard */ = {
			isa = PBXVariantGroup;
			children = (
				757894562394EF4000B26DDF /* Base */,
				757450DA239CEF13003EF2E0 /* zh-Hans */,
				75FC5632239E867F00635EE5 /* en */,
			);
			name = Main.storyboard;
			sourceTree = "<group>";
		};
		75B45F79239F66080045F635 /* StatusBarMenu.xib */ = {
			isa = PBXVariantGroup;
			children = (
				75B45F78239F66080045F635 /* Base */,
				75B45F7B239F660D0045F635 /* en */,
				75B45F7D239F66160045F635 /* zh-Hans */,
			);
			name = StatusBarMenu.xib;
			sourceTree = "<group>";
		};
		75C6DEE32398B175009B1F1E /* TodayViewController.xib */ = {
			isa = PBXVariantGroup;
			children = (
				75C6DEE42398B175009B1F1E /* Base */,
				757450DB239CEF13003EF2E0 /* zh-Hans */,
			);
			name = TodayViewController.xib;
			sourceTree = "<group>";
		};
		75C6DEE72398B175009B1F1E /* InfoPlist.strings */ = {
			isa = PBXVariantGroup;
			children = (
				75C6DEE82398B175009B1F1E /* en */,
				757450DC239CEF13003EF2E0 /* zh-Hans */,
			);
			name = InfoPlist.strings;
			sourceTree = "<group>";
		};
/* End PBXVariantGroup section */

/* Begin XCBuildConfiguration section */
		757894702394EF4000B26DDF /* Debug */ = {
			isa = XCBuildConfiguration;
			buildSettings = {
				ALWAYS_SEARCH_USER_PATHS = NO;
				CLANG_ANALYZER_LOCALIZABILITY_NONLOCALIZED = YES;
				CLANG_ANALYZER_NONNULL = YES;
				CLANG_ANALYZER_NUMBER_OBJECT_CONVERSION = YES_AGGRESSIVE;
				CLANG_CXX_LANGUAGE_STANDARD = "gnu++14";
				CLANG_CXX_LIBRARY = "libc++";
				CLANG_ENABLE_MODULES = YES;
				CLANG_ENABLE_OBJC_ARC = YES;
				CLANG_ENABLE_OBJC_WEAK = YES;
				CLANG_WARN_BLOCK_CAPTURE_AUTORELEASING = YES;
				CLANG_WARN_BOOL_CONVERSION = YES;
				CLANG_WARN_COMMA = YES;
				CLANG_WARN_CONSTANT_CONVERSION = YES;
				CLANG_WARN_DEPRECATED_OBJC_IMPLEMENTATIONS = YES;
				CLANG_WARN_DIRECT_OBJC_ISA_USAGE = YES_ERROR;
				CLANG_WARN_DOCUMENTATION_COMMENTS = YES;
				CLANG_WARN_EMPTY_BODY = YES;
				CLANG_WARN_ENUM_CONVERSION = YES;
				CLANG_WARN_INFINITE_RECURSION = YES;
				CLANG_WARN_INT_CONVERSION = YES;
				CLANG_WARN_NON_LITERAL_NULL_CONVERSION = YES;
				CLANG_WARN_OBJC_IMPLICIT_RETAIN_SELF = YES;
				CLANG_WARN_OBJC_LITERAL_CONVERSION = YES;
				CLANG_WARN_OBJC_ROOT_CLASS = YES_ERROR;
				CLANG_WARN_RANGE_LOOP_ANALYSIS = YES;
				CLANG_WARN_STRICT_PROTOTYPES = YES;
				CLANG_WARN_SUSPICIOUS_MOVE = YES;
				CLANG_WARN_UNGUARDED_AVAILABILITY = YES_AGGRESSIVE;
				CLANG_WARN_UNREACHABLE_CODE = YES;
				CLANG_WARN__DUPLICATE_METHOD_MATCH = YES;
				COPY_PHASE_STRIP = NO;
				DEBUG_INFORMATION_FORMAT = dwarf;
				ENABLE_STRICT_OBJC_MSGSEND = YES;
				ENABLE_TESTABILITY = YES;
				GCC_C_LANGUAGE_STANDARD = gnu11;
				GCC_DYNAMIC_NO_PIC = NO;
				GCC_NO_COMMON_BLOCKS = YES;
				GCC_OPTIMIZATION_LEVEL = 0;
				GCC_PREPROCESSOR_DEFINITIONS = (
					"DEBUG=1",
					"$(inherited)",
				);
				GCC_WARN_64_TO_32_BIT_CONVERSION = YES;
				GCC_WARN_ABOUT_RETURN_TYPE = YES_ERROR;
				GCC_WARN_UNDECLARED_SELECTOR = YES;
				GCC_WARN_UNINITIALIZED_AUTOS = YES_AGGRESSIVE;
				GCC_WARN_UNUSED_FUNCTION = YES;
				GCC_WARN_UNUSED_VARIABLE = YES;
				MACOSX_DEPLOYMENT_TARGET = 10.15;
				MTL_ENABLE_DEBUG_INFO = INCLUDE_SOURCE;
				MTL_FAST_MATH = YES;
				ONLY_ACTIVE_ARCH = YES;
				SDKROOT = macosx;
				SWIFT_ACTIVE_COMPILATION_CONDITIONS = DEBUG;
				SWIFT_OPTIMIZATION_LEVEL = "-Onone";
			};
			name = Debug;
		};
		757894712394EF4000B26DDF /* Release */ = {
			isa = XCBuildConfiguration;
			buildSettings = {
				ALWAYS_SEARCH_USER_PATHS = NO;
				CLANG_ANALYZER_LOCALIZABILITY_NONLOCALIZED = YES;
				CLANG_ANALYZER_NONNULL = YES;
				CLANG_ANALYZER_NUMBER_OBJECT_CONVERSION = YES_AGGRESSIVE;
				CLANG_CXX_LANGUAGE_STANDARD = "gnu++14";
				CLANG_CXX_LIBRARY = "libc++";
				CLANG_ENABLE_MODULES = YES;
				CLANG_ENABLE_OBJC_ARC = YES;
				CLANG_ENABLE_OBJC_WEAK = YES;
				CLANG_WARN_BLOCK_CAPTURE_AUTORELEASING = YES;
				CLANG_WARN_BOOL_CONVERSION = YES;
				CLANG_WARN_COMMA = YES;
				CLANG_WARN_CONSTANT_CONVERSION = YES;
				CLANG_WARN_DEPRECATED_OBJC_IMPLEMENTATIONS = YES;
				CLANG_WARN_DIRECT_OBJC_ISA_USAGE = YES_ERROR;
				CLANG_WARN_DOCUMENTATION_COMMENTS = YES;
				CLANG_WARN_EMPTY_BODY = YES;
				CLANG_WARN_ENUM_CONVERSION = YES;
				CLANG_WARN_INFINITE_RECURSION = YES;
				CLANG_WARN_INT_CONVERSION = YES;
				CLANG_WARN_NON_LITERAL_NULL_CONVERSION = YES;
				CLANG_WARN_OBJC_IMPLICIT_RETAIN_SELF = YES;
				CLANG_WARN_OBJC_LITERAL_CONVERSION = YES;
				CLANG_WARN_OBJC_ROOT_CLASS = YES_ERROR;
				CLANG_WARN_RANGE_LOOP_ANALYSIS = YES;
				CLANG_WARN_STRICT_PROTOTYPES = YES;
				CLANG_WARN_SUSPICIOUS_MOVE = YES;
				CLANG_WARN_UNGUARDED_AVAILABILITY = YES_AGGRESSIVE;
				CLANG_WARN_UNREACHABLE_CODE = YES;
				CLANG_WARN__DUPLICATE_METHOD_MATCH = YES;
				COPY_PHASE_STRIP = NO;
				DEBUG_INFORMATION_FORMAT = "dwarf-with-dsym";
				ENABLE_NS_ASSERTIONS = NO;
				ENABLE_STRICT_OBJC_MSGSEND = YES;
				GCC_C_LANGUAGE_STANDARD = gnu11;
				GCC_NO_COMMON_BLOCKS = YES;
				GCC_WARN_64_TO_32_BIT_CONVERSION = YES;
				GCC_WARN_ABOUT_RETURN_TYPE = YES_ERROR;
				GCC_WARN_UNDECLARED_SELECTOR = YES;
				GCC_WARN_UNINITIALIZED_AUTOS = YES_AGGRESSIVE;
				GCC_WARN_UNUSED_FUNCTION = YES;
				GCC_WARN_UNUSED_VARIABLE = YES;
				MACOSX_DEPLOYMENT_TARGET = 10.15;
				MTL_ENABLE_DEBUG_INFO = NO;
				MTL_FAST_MATH = YES;
				SDKROOT = macosx;
				SWIFT_COMPILATION_MODE = wholemodule;
				SWIFT_OPTIMIZATION_LEVEL = "-O";
			};
			name = Release;
		};
		757894732394EF4000B26DDF /* Debug */ = {
			isa = XCBuildConfiguration;
			buildSettings = {
				ALWAYS_EMBED_SWIFT_STANDARD_LIBRARIES = YES;
				ASSETCATALOG_COMPILER_APPICON_NAME = AppIcon;
				CODE_SIGN_ENTITLEMENTS = clipboard/clipboard.entitlements;
				CODE_SIGN_IDENTITY = "-";
				CODE_SIGN_STYLE = Automatic;
				COMBINE_HIDPI_IMAGES = YES;
				DEVELOPMENT_TEAM = E29933B74S;
				ENABLE_HARDENED_RUNTIME = YES;
				INFOPLIST_FILE = clipboard/Info.plist;
				LD_RUNPATH_SEARCH_PATHS = (
					"$(inherited)",
					"@executable_path/../Frameworks",
				);
				MACOSX_DEPLOYMENT_TARGET = 10.13;
				PRODUCT_BUNDLE_IDENTIFIER = com.blabla.clipboard;
				PRODUCT_NAME = "$(TARGET_NAME)";
				SWIFT_VERSION = 5.0;
			};
			name = Debug;
		};
		757894742394EF4000B26DDF /* Release */ = {
			isa = XCBuildConfiguration;
			buildSettings = {
				ALWAYS_EMBED_SWIFT_STANDARD_LIBRARIES = YES;
				ASSETCATALOG_COMPILER_APPICON_NAME = AppIcon;
				CODE_SIGN_ENTITLEMENTS = clipboard/clipboard.entitlements;
				CODE_SIGN_IDENTITY = "-";
				CODE_SIGN_STYLE = Automatic;
				COMBINE_HIDPI_IMAGES = YES;
				DEVELOPMENT_TEAM = E29933B74S;
				ENABLE_HARDENED_RUNTIME = YES;
				INFOPLIST_FILE = clipboard/Info.plist;
				LD_RUNPATH_SEARCH_PATHS = (
					"$(inherited)",
					"@executable_path/../Frameworks",
				);
				MACOSX_DEPLOYMENT_TARGET = 10.13;
				PRODUCT_BUNDLE_IDENTIFIER = com.blabla.clipboard;
				PRODUCT_NAME = "$(TARGET_NAME)";
				SWIFT_VERSION = 5.0;
			};
			name = Release;
		};
/* End XCBuildConfiguration section */

/* Begin XCConfigurationList section */
		757894472394EF3C00B26DDF /* Build configuration list for PBXProject "clipboard" */ = {
			isa = XCConfigurationList;
			buildConfigurations = (
				757894702394EF4000B26DDF /* Debug */,
				757894712394EF4000B26DDF /* Release */,
			);
			defaultConfigurationIsVisible = 0;
			defaultConfigurationName = Release;
		};
		757894722394EF4000B26DDF /* Build configuration list for PBXNativeTarget "clipboard" */ = {
			isa = XCConfigurationList;
			buildConfigurations = (
				757894732394EF4000B26DDF /* Debug */,
				757894742394EF4000B26DDF /* Release */,
			);
			defaultConfigurationIsVisible = 0;
			defaultConfigurationName = Release;
		};
/* End XCConfigurationList section */
	};
	rootObject = 757894442394EF3C00B26DDF /* Project object */;
}
